
Microsoft Visual Studio Solution File, Format Version 12.00
# Visual Studio Version 16
VisualStudioVersion = 16.0.31321.278
MinimumVisualStudioVersion = 10.0.40219.1
Project("{8BC9CEB8-8B4A-11D0-8D11-00A0C91BC942}") = "LPI", "LPI\LPI.vcxproj", "{F4C28EBA-BB9D-47A6-8B6C-631779C95C27}"
EndProject
Project("{8BC9CEB8-8B4A-11D0-8D11-00A0C91BC942}") = "LPITest", "LPITest\LPITest.vcxproj", "{CB387F5C-E010-486A-9AA3-2FC8B609C0BC}"
	ProjectSection(ProjectDependencies) = postProject
		{964D5F2F-BFE7-4B59-B175-17ECC0F37530} = {964D5F2F-BFE7-4B59-B175-17ECC0F37530}
	EndProjectSection
EndProject
Project("{2150E333-8FDC-42A3-9474-1A3956D46DE8}") = "github", "github", "{5D694D85-5C1C-475E-90BB-0A5A63C5E975}"
	ProjectSection(SolutionItems) = preProject
		README.md = README.md
	EndProjectSection
EndProject
Project("{2150E333-8FDC-42A3-9474-1A3956D46DE8}") = "workflows", "workflows", "{1481C991-0C4C-4632-A3C9-DE9A5BFD38CE}"
	ProjectSection(SolutionItems) = preProject
		.github\workflows\BuildAndTest.yml = .github\workflows\BuildAndTest.yml
	EndProjectSection
EndProject
Project("{8BC9CEB8-8B4A-11D0-8D11-00A0C91BC942}") = "LPISample", "LPISample\LPISample.vcxproj", "{19FB4F2B-0655-4D77-9F2D-02D197623CF8}"
	ProjectSection(ProjectDependencies) = postProject
		{964D5F2F-BFE7-4B59-B175-17ECC0F37530} = {964D5F2F-BFE7-4B59-B175-17ECC0F37530}
		{CB387F5C-E010-486A-9AA3-2FC8B609C0BC} = {CB387F5C-E010-486A-9AA3-2FC8B609C0BC}
		{F4C28EBA-BB9D-47A6-8B6C-631779C95C27} = {F4C28EBA-BB9D-47A6-8B6C-631779C95C27}
	EndProjectSection
EndProject
Project("{8BC9CEB8-8B4A-11D0-8D11-00A0C91BC942}") = "LPIScene", "LPIScene\LPIScene.vcxproj", "{964D5F2F-BFE7-4B59-B175-17ECC0F37530}"
	ProjectSection(ProjectDependencies) = postProject
		{F4C28EBA-BB9D-47A6-8B6C-631779C95C27} = {F4C28EBA-BB9D-47A6-8B6C-631779C95C27}
	EndProjectSection
EndProject
Global
	GlobalSection(SolutionConfigurationPlatforms) = preSolution
		Debug|x64 = Debug|x64
		Debug|x86 = Debug|x86
		Release|x64 = Release|x64
		Release|x86 = Release|x86
	EndGlobalSection
	GlobalSection(ProjectConfigurationPlatforms) = postSolution
		{F4C28EBA-BB9D-47A6-8B6C-631779C95C27}.Debug|x64.ActiveCfg = Debug|x64
		{F4C28EBA-BB9D-47A6-8B6C-631779C95C27}.Debug|x64.Build.0 = Debug|x64
		{F4C28EBA-BB9D-47A6-8B6C-631779C95C27}.Debug|x86.ActiveCfg = Debug|Win32
		{F4C28EBA-BB9D-47A6-8B6C-631779C95C27}.Debug|x86.Build.0 = Debug|Win32
		{F4C28EBA-BB9D-47A6-8B6C-631779C95C27}.Release|x64.ActiveCfg = Release|x64
		{F4C28EBA-BB9D-47A6-8B6C-631779C95C27}.Release|x64.Build.0 = Release|x64
		{F4C28EBA-BB9D-47A6-8B6C-631779C95C27}.Release|x86.ActiveCfg = Release|Win32
		{F4C28EBA-BB9D-47A6-8B6C-631779C95C27}.Release|x86.Build.0 = Release|Win32
		{CB387F5C-E010-486A-9AA3-2FC8B609C0BC}.Debug|x64.ActiveCfg = Debug|x64
		{CB387F5C-E010-486A-9AA3-2FC8B609C0BC}.Debug|x64.Build.0 = Debug|x64
		{CB387F5C-E010-486A-9AA3-2FC8B609C0BC}.Debug|x86.ActiveCfg = Debug|Win32
		{CB387F5C-E010-486A-9AA3-2FC8B609C0BC}.Debug|x86.Build.0 = Debug|Win32
		{CB387F5C-E010-486A-9AA3-2FC8B609C0BC}.Release|x64.ActiveCfg = Release|x64
		{CB387F5C-E010-486A-9AA3-2FC8B609C0BC}.Release|x64.Build.0 = Release|x64
		{CB387F5C-E010-486A-9AA3-2FC8B609C0BC}.Release|x86.ActiveCfg = Release|Win32
		{CB387F5C-E010-486A-9AA3-2FC8B609C0BC}.Release|x86.Build.0 = Release|Win32
		{19FB4F2B-0655-4D77-9F2D-02D197623CF8}.Debug|x64.ActiveCfg = Debug|x64
		{19FB4F2B-0655-4D77-9F2D-02D197623CF8}.Debug|x64.Build.0 = Debug|x64
		{19FB4F2B-0655-4D77-9F2D-02D197623CF8}.Debug|x86.ActiveCfg = Debug|Win32
		{19FB4F2B-0655-4D77-9F2D-02D197623CF8}.Debug|x86.Build.0 = Debug|Win32
		{19FB4F2B-0655-4D77-9F2D-02D197623CF8}.Release|x64.ActiveCfg = Release|x64
		{19FB4F2B-0655-4D77-9F2D-02D197623CF8}.Release|x64.Build.0 = Release|x64
		{19FB4F2B-0655-4D77-9F2D-02D197623CF8}.Release|x86.ActiveCfg = Release|Win32
		{19FB4F2B-0655-4D77-9F2D-02D197623CF8}.Release|x86.Build.0 = Release|Win32
		{964D5F2F-BFE7-4B59-B175-17ECC0F37530}.Debug|x64.ActiveCfg = Debug|x64
		{964D5F2F-BFE7-4B59-B175-17ECC0F37530}.Debug|x64.Build.0 = Debug|x64
		{964D5F2F-BFE7-4B59-B175-17ECC0F37530}.Debug|x86.ActiveCfg = Debug|Win32
		{964D5F2F-BFE7-4B59-B175-17ECC0F37530}.Debug|x86.Build.0 = Debug|Win32
		{964D5F2F-BFE7-4B59-B175-17ECC0F37530}.Release|x64.ActiveCfg = Release|x64
		{964D5F2F-BFE7-4B59-B175-17ECC0F37530}.Release|x64.Build.0 = Release|x64
		{964D5F2F-BFE7-4B59-B175-17ECC0F37530}.Release|x86.ActiveCfg = Release|Win32
		{964D5F2F-BFE7-4B59-B175-17ECC0F37530}.Release|x86.Build.0 = Release|Win32
	EndGlobalSection
	GlobalSection(SolutionProperties) = preSolution
		HideSolutionNode = FALSE
	EndGlobalSection
	GlobalSection(NestedProjects) = preSolution
		{1481C991-0C4C-4632-A3C9-DE9A5BFD38CE} = {5D694D85-5C1C-475E-90BB-0A5A63C5E975}
	EndGlobalSection
	GlobalSection(ExtensibilityGlobals) = postSolution
		SolutionGuid = {33C8823D-14D4-4A74-89D5-25C54CFFF884}
	EndGlobalSection
EndGlobal
