<?xml version="1.0" encoding="utf-8"?>
<Project ToolsVersion="4.0" xmlns="http://schemas.microsoft.com/developer/msbuild/2003">
  <ItemGroup>
    <Filter Include="Scene">
      <UniqueIdentifier>{4a66e1b6-7083-4161-b4d2-297e0eab6ec7}</UniqueIdentifier>
    </Filter>
    <Filter Include="Objects">
      <UniqueIdentifier>{f2e76f2f-a359-402e-9567-f5285e90c5bb}</UniqueIdentifier>
    </Filter>
    <Filter Include="Actions">
      <UniqueIdentifier>{4673c5e7-1336-4ed5-86aa-74f5dc6dcfe9}</UniqueIdentifier>
    </Filter>
    <Filter Include="data">
      <UniqueIdentifier>{86bfafb1-7f18-4159-992e-db271bbb2fdc}</UniqueIdentifier>
    </Filter>
    <Filter Include="data\test">
      <UniqueIdentifier>{52f4822d-ad7f-480d-b56a-a9e640be7b4d}</UniqueIdentifier>
    </Filter>
    <Filter Include="Util">
      <UniqueIdentifier>{edf24b13-7a4f-4dfb-ba4d-a510fc1d459f}</UniqueIdentifier>
    </Filter>
  </ItemGroup>
  <ItemGroup>
    <ClCompile Include="Scene\Scene.cpp">
      <Filter>Scene</Filter>
    </ClCompile>
    <ClCompile Include="Objects\SceneObject.cpp">
      <Filter>Objects</Filter>
    </ClCompile>
    <ClCompile Include="Actions\BaseAction.cpp">
      <Filter>Actions</Filter>
    </ClCompile>
    <ClCompile Include="Actions\LookAction.cpp">
      <Filter>Actions</Filter>
    </ClCompile>
    <ClCompile Include="Util\LPIUtil.cpp">
      <Filter>Util</Filter>
    </ClCompile>
    <ClCompile Include="Scene\SceneManager.cpp">
      <Filter>Scene</Filter>
    </ClCompile>
    <ClCompile Include="Actions\WalkAction.cpp">
      <Filter>Actions</Filter>
    </ClCompile>
    <ClCompile Include="Objects\SceneExitObject.cpp">
      <Filter>Objects</Filter>
    </ClCompile>
    <ClCompile Include="Objects\SceneInventoryObject.cpp">
      <Filter>Objects</Filter>
    </ClCompile>
    <ClCompile Include="Actions\PickupAction.cpp">
      <Filter>Actions</Filter>
    </ClCompile>
    <ClCompile Include="Actions\ListInventoryAction.cpp">
      <Filter>Actions</Filter>
    </ClCompile>
  </ItemGroup>
  <ItemGroup>
    <ClInclude Include="Scene\Scene.h">
      <Filter>Scene</Filter>
    </ClInclude>
    <ClInclude Include="Objects\SceneObject.h">
      <Filter>Objects</Filter>
    </ClInclude>
    <ClInclude Include="Actions\BaseAction.h">
      <Filter>Actions</Filter>
    </ClInclude>
    <ClInclude Include="Actions\LookAction.h">
      <Filter>Actions</Filter>
    </ClInclude>
    <ClInclude Include="Util\LPIUtil.h">
      <Filter>Util</Filter>
    </ClInclude>
    <ClInclude Include="Scene\SceneManager.h">
      <Filter>Scene</Filter>
    </ClInclude>
    <ClInclude Include="Actions\WalkAction.h">
      <Filter>Actions</Filter>
    </ClInclude>
    <ClInclude Include="Objects\SceneExitObject.h">
      <Filter>Objects</Filter>
    </ClInclude>
    <ClInclude Include="Objects\SceneInventoryObject.h">
      <Filter>Objects</Filter>
    </ClInclude>
    <ClInclude Include="Actions\PickupAction.h">
      <Filter>Actions</Filter>
    </ClInclude>
    <ClInclude Include="Actions\ListInventoryAction.h">
      <Filter>Actions</Filter>
    </ClInclude>
  </ItemGroup>
  <ItemGroup>
    <None Include="data\test\grammar.bnf">
      <Filter>data\test</Filter>
    </None>
  </ItemGroup>
</Project>