<?xml version="1.0" encoding="utf-8"?>
<Project ToolsVersion="4.0" xmlns="http://schemas.microsoft.com/developer/msbuild/2003">
  <ItemGroup>
    <ClCompile Include="pch.cpp" />
    <ClCompile Include="BNF\TestBNFSymbol.cpp">
      <Filter>BNF</Filter>
    </ClCompile>
    <ClCompile Include="BNF\TestBNFExpression.cpp">
      <Filter>BNF</Filter>
    </ClCompile>
    <ClCompile Include="BNF\TestBNFNode.cpp">
      <Filter>BNF</Filter>
    </ClCompile>
    <ClCompile Include="Lexer\TestLexer.cpp">
      <Filter>Lexer</Filter>
    </ClCompile>
    <ClCompile Include="Objects\TestObjects.cpp">
      <Filter>Objects</Filter>
    </ClCompile>
    <ClCompile Include="Actions\TestActions.cpp">
      <Filter>Actions</Filter>
    </ClCompile>
    <ClCompile Include="Scene\TestScene.cpp">
      <Filter>Scene</Filter>
    </ClCompile>
    <ClCompile Include="Components\TestComponents.cpp">
      <Filter>Components</Filter>
    </ClCompile>
  </ItemGroup>
  <ItemGroup>
    <ClInclude Include="pch.h" />
  </ItemGroup>
  <ItemGroup>
    <Filter Include="BNF">
      <UniqueIdentifier>{08953cd8-cacd-48ab-9c4c-fa16f27cd524}</UniqueIdentifier>
    </Filter>
    <Filter Include="Lexer">
      <UniqueIdentifier>{1ff1f4d6-d8bc-4e9b-8710-611ac8a42f70}</UniqueIdentifier>
    </Filter>
    <Filter Include="Objects">
      <UniqueIdentifier>{4419f88e-9439-4e35-96fd-eb06e16eaaa0}</UniqueIdentifier>
    </Filter>
    <Filter Include="Actions">
      <UniqueIdentifier>{c7b46d5a-7fd1-4316-b78d-e8af63d10d31}</UniqueIdentifier>
    </Filter>
    <Filter Include="Scene">
      <UniqueIdentifier>{a17ad393-980d-4f2e-9886-dc6083116097}</UniqueIdentifier>
    </Filter>
    <Filter Include="Components">
      <UniqueIdentifier>{2d5610e1-ddfd-4e42-acda-9ef5d996e5ff}</UniqueIdentifier>
    </Filter>
  </ItemGroup>
  <ItemGroup>
    <None Include="packages.config" />
  </ItemGroup>
</Project>