<?xml version="1.0" encoding="utf-8"?>
<Project ToolsVersion="4.0" xmlns="http://schemas.microsoft.com/developer/msbuild/2003">
  <ItemGroup>
    <ClCompile Include="pch.cpp" />
    <ClCompile Include="BNF\TestBNFSymbol.cpp">
      <Filter>BNF</Filter>
    </ClCompile>
    <ClCompile Include="BNF\TestBNFExpression.cpp">
      <Filter>BNF</Filter>
    </ClCompile>
    <ClCompile Include="BNF\TestBNFNode.cpp">
      <Filter>BNF</Filter>
    </ClCompile>
    <ClCompile Include="Lexer\TestLexer.cpp">
      <Filter>Lexer</Filter>
    </ClCompile>
  </ItemGroup>
  <ItemGroup>
    <ClInclude Include="pch.h" />
  </ItemGroup>
  <ItemGroup>
    <Filter Include="BNF">
      <UniqueIdentifier>{08953cd8-cacd-48ab-9c4c-fa16f27cd524}</UniqueIdentifier>
    </Filter>
    <Filter Include="Lexer">
      <UniqueIdentifier>{1ff1f4d6-d8bc-4e9b-8710-611ac8a42f70}</UniqueIdentifier>
    </Filter>
  </ItemGroup>
  <ItemGroup>
    <None Include="packages.config" />
  </ItemGroup>
</Project>