<?xml version="1.0" encoding="utf-8"?>
<Project ToolsVersion="4.0" xmlns="http://schemas.microsoft.com/developer/msbuild/2003">
  <ItemGroup>
    <Filter Include="Source Files">
      <UniqueIdentifier>{4FC737F1-C7A5-4376-A066-2A32D752A2FF}</UniqueIdentifier>
      <Extensions>cpp;c;cc;cxx;c++;cppm;ixx;def;odl;idl;hpj;bat;asm;asmx</Extensions>
    </Filter>
    <Filter Include="Resource Files">
      <UniqueIdentifier>{67DA6AB6-F800-4c08-8B7A-83BB121AAD01}</UniqueIdentifier>
      <Extensions>rc;ico;cur;bmp;dlg;rc2;rct;bin;rgs;gif;jpg;jpeg;jpe;resx;tiff;tif;png;wav;mfcribbon-ms</Extensions>
    </Filter>
    <Filter Include="Source Files\BNF">
      <UniqueIdentifier>{b2460a3e-1ad1-48a8-8c11-abdf56f1d8c6}</UniqueIdentifier>
    </Filter>
    <Filter Include="data">
      <UniqueIdentifier>{9c89340d-8636-45d4-acc2-83cdc9255414}</UniqueIdentifier>
    </Filter>
    <Filter Include="data\test">
      <UniqueIdentifier>{edc15169-7583-42d2-9098-d594a766206f}</UniqueIdentifier>
    </Filter>
    <Filter Include="Source Files\Lexer">
      <UniqueIdentifier>{c928ff49-7b5c-4472-a682-db823515017d}</UniqueIdentifier>
    </Filter>
  </ItemGroup>
  <ItemGroup>
    <ClCompile Include="LPI.cpp">
      <Filter>Source Files</Filter>
    </ClCompile>
    <ClCompile Include="BNF\BNFExpression.cpp">
      <Filter>Source Files\BNF</Filter>
    </ClCompile>
    <ClCompile Include="BNF\BNFNode.cpp">
      <Filter>Source Files\BNF</Filter>
    </ClCompile>
    <ClCompile Include="BNF\BNFSymbol.cpp">
      <Filter>Source Files\BNF</Filter>
    </ClCompile>
    <ClCompile Include="BNF\BNFTree.cpp">
      <Filter>Source Files\BNF</Filter>
    </ClCompile>
    <ClCompile Include="BNF\BNF.cpp">
      <Filter>Source Files\BNF</Filter>
    </ClCompile>
    <ClCompile Include="Lexer\Lexer.cpp">
      <Filter>Source Files\Lexer</Filter>
    </ClCompile>
    <ClCompile Include="Lexer\LexerToken.cpp">
      <Filter>Source Files\Lexer</Filter>
    </ClCompile>
  </ItemGroup>
  <ItemGroup>
    <ClInclude Include="BNF\BNFExpression.h">
      <Filter>Source Files\BNF</Filter>
    </ClInclude>
    <ClInclude Include="BNF\BNFNode.h">
      <Filter>Source Files\BNF</Filter>
    </ClInclude>
    <ClInclude Include="BNF\BNFSymbol.h">
      <Filter>Source Files\BNF</Filter>
    </ClInclude>
    <ClInclude Include="BNF\BNFTree.h">
      <Filter>Source Files\BNF</Filter>
    </ClInclude>
    <ClInclude Include="BNF\BNF.h">
      <Filter>Source Files\BNF</Filter>
    </ClInclude>
    <ClInclude Include="Lexer\Lexer.h">
      <Filter>Source Files\Lexer</Filter>
    </ClInclude>
    <ClInclude Include="Lexer\LexerToken.h">
      <Filter>Source Files\Lexer</Filter>
    </ClInclude>
  </ItemGroup>
  <ItemGroup>
    <None Include="data\test\command.in">
      <Filter>data\test</Filter>
    </None>
    <None Include="data\grammar.bnf">
      <Filter>data\test</Filter>
    </None>
  </ItemGroup>
</Project>